
Microsoft Visual Studio Solution File, Format Version 12.00
# Visual Studio 2013
VisualStudioVersion = 12.0.21005.1
MinimumVisualStudioVersion = 10.0.40219.1
Project("{FAE04EC0-301F-11D3-BF4B-00C04F79EFBC}") = "LRT_MVC_Project", "LRT_MVC_Project\LRT_MVC_Project.csproj", "{EFFA5D21-0AF2-4062-A88A-397B44D43613}"
EndProject
Global
	GlobalSection(SolutionConfigurationPlatforms) = preSolution
		Debug|Any CPU = Debug|Any CPU
		Release|Any CPU = Release|Any CPU
	EndGlobalSection
	GlobalSection(ProjectConfigurationPlatforms) = postSolution
		{EFFA5D21-0AF2-4062-A88A-397B44D43613}.Debug|Any CPU.ActiveCfg = Debug|Any CPU
		{EFFA5D21-0AF2-4062-A88A-397B44D43613}.Debug|Any CPU.Build.0 = Debug|Any CPU
		{EFFA5D21-0AF2-4062-A88A-397B44D43613}.Release|Any CPU.ActiveCfg = Release|Any CPU
		{EFFA5D21-0AF2-4062-A88A-397B44D43613}.Release|Any CPU.Build.0 = Release|Any CPU
	EndGlobalSection
	GlobalSection(SolutionProperties) = preSolution
		HideSolutionNode = FALSE
	EndGlobalSection
EndGlobal
